
Microsoft Visual Studio Solution File, Format Version 12.00
# Visual Studio Version 16
VisualStudioVersion = 16.0.31702.278
MinimumVisualStudioVersion = 10.0.40219.1
Project("{FAE04EC0-301F-11D3-BF4B-00C04F79EFBC}") = "XmlToCSharpCode", "XmlToCSharpCode\XmlToCSharpCode.csproj", "{8B91F96B-2B34-4E2D-906D-C7B6942939F8}"
EndProject
Global
	GlobalSection(SolutionConfigurationPlatforms) = preSolution
		Debug|Any CPU = Debug|Any CPU
		Release|Any CPU = Release|Any CPU
	EndGlobalSection
	GlobalSection(ProjectConfigurationPlatforms) = postSolution
		{8B91F96B-2B34-4E2D-906D-C7B6942939F8}.Debug|Any CPU.ActiveCfg = Debug|Any CPU
		{8B91F96B-2B34-4E2D-906D-C7B6942939F8}.Debug|Any CPU.Build.0 = Debug|Any CPU
		{8B91F96B-2B34-4E2D-906D-C7B6942939F8}.Release|Any CPU.ActiveCfg = Release|Any CPU
		{8B91F96B-2B34-4E2D-906D-C7B6942939F8}.Release|Any CPU.Build.0 = Release|Any CPU
	EndGlobalSection
	GlobalSection(SolutionProperties) = preSolution
		HideSolutionNode = FALSE
	EndGlobalSection
	GlobalSection(ExtensibilityGlobals) = postSolution
		SolutionGuid = {CAEB0B29-DAE4-4046-8326-1919A5612C05}
	EndGlobalSection
EndGlobal
